
Microsoft Visual Studio Solution File, Format Version 12.00
# Visual Studio Version 16
VisualStudioVersion = 16.0.31624.102
MinimumVisualStudioVersion = 10.0.40219.1
Project("{9A19103F-16F7-4668-BE54-9A1E7A4F7556}") = "Wpf_course", "Wpf_course\Wpf_course.csproj", "{1DC40FAA-581D-4FF7-BB33-6B3CF3708324}"
EndProject
Global
	GlobalSection(SolutionConfigurationPlatforms) = preSolution
		Debug|Any CPU = Debug|Any CPU
		Release|Any CPU = Release|Any CPU
	EndGlobalSection
	GlobalSection(ProjectConfigurationPlatforms) = postSolution
		{1DC40FAA-581D-4FF7-BB33-6B3CF3708324}.Debug|Any CPU.ActiveCfg = Debug|Any CPU
		{1DC40FAA-581D-4FF7-BB33-6B3CF3708324}.Debug|Any CPU.Build.0 = Debug|Any CPU
		{1DC40FAA-581D-4FF7-BB33-6B3CF3708324}.Release|Any CPU.ActiveCfg = Release|Any CPU
		{1DC40FAA-581D-4FF7-BB33-6B3CF3708324}.Release|Any CPU.Build.0 = Release|Any CPU
	EndGlobalSection
	GlobalSection(SolutionProperties) = preSolution
		HideSolutionNode = FALSE
	EndGlobalSection
	GlobalSection(ExtensibilityGlobals) = postSolution
		SolutionGuid = {CD9398D7-2E0C-4AEA-8EC5-16325958B9CE}
	EndGlobalSection
EndGlobal
